// !$*UTF8*$!
{
	archiveVersion = 1;
	classes = {
	};
	objectVersion = 50;
	objects = {

/* Begin PBXBuildFile section */
		D0250E44416E0E827DD9B52D /* Pods_Exercise1.framework in Frameworks */ = {isa = PBXBuildFile; fileRef = 0F852DD9957C666643656089 /* Pods_Exercise1.framework */; };
		F355503323E54CD4009F7444 /* AppDelegate.swift in Sources */ = {isa = PBXBuildFile; fileRef = F355503223E54CD4009F7444 /* AppDelegate.swift */; };
		F355503523E54CD4009F7444 /* SceneDelegate.swift in Sources */ = {isa = PBXBuildFile; fileRef = F355503423E54CD4009F7444 /* SceneDelegate.swift */; };
		F355503723E54CD4009F7444 /* ViewController.swift in Sources */ = {isa = PBXBuildFile; fileRef = F355503623E54CD4009F7444 /* ViewController.swift */; };
		F355503A23E54CD4009F7444 /* Main.storyboard in Resources */ = {isa = PBXBuildFile; fileRef = F355503823E54CD4009F7444 /* Main.storyboard */; };
		F355503D23E54CD4009F7444 /* Exercise1.xcdatamodeld in Sources */ = {isa = PBXBuildFile; fileRef = F355503B23E54CD4009F7444 /* Exercise1.xcdatamodeld */; };
		F355503F23E54CD6009F7444 /* Assets.xcassets in Resources */ = {isa = PBXBuildFile; fileRef = F355503E23E54CD6009F7444 /* Assets.xcassets */; };
		F355504223E54CD6009F7444 /* LaunchScreen.storyboard in Resources */ = {isa = PBXBuildFile; fileRef = F355504023E54CD6009F7444 /* LaunchScreen.storyboard */; };
/* End PBXBuildFile section */

/* Begin PBXFileReference section */
		0F852DD9957C666643656089 /* Pods_Exercise1.framework */ = {isa = PBXFileReference; explicitFileType = wrapper.framework; includeInIndex = 0; path = Pods_Exercise1.framework; sourceTree = BUILT_PRODUCTS_DIR; };
		CE4A12D191D41F2934A0A863 /* Pods-Exercise1.debug.xcconfig */ = {isa = PBXFileReference; includeInIndex = 1; lastKnownFileType = text.xcconfig; name = "Pods-Exercise1.debug.xcconfig"; path = "Target Support Files/Pods-Exercise1/Pods-Exercise1.debug.xcconfig"; sourceTree = "<group>"; };
		DEB83B031F2D8020D1E5C00B /* Pods-Exercise1.release.xcconfig */ = {isa = PBXFileReference; includeInIndex = 1; lastKnownFileType = text.xcconfig; name = "Pods-Exercise1.release.xcconfig"; path = "Target Support Files/Pods-Exercise1/Pods-Exercise1.release.xcconfig"; sourceTree = "<group>"; };
		F355502F23E54CD4009F7444 /* Exercise1.app */ = {isa = PBXFileReference; explicitFileType = wrapper.application; includeInIndex = 0; path = Exercise1.app; sourceTree = BUILT_PRODUCTS_DIR; };
		F355503223E54CD4009F7444 /* AppDelegate.swift */ = {isa = PBXFileReference; lastKnownFileType = sourcecode.swift; path = AppDelegate.swift; sourceTree = "<group>"; };
		F355503423E54CD4009F7444 /* SceneDelegate.swift */ = {isa = PBXFileReference; lastKnownFileType = sourcecode.swift; path = SceneDelegate.swift; sourceTree = "<group>"; };
		F355503623E54CD4009F7444 /* ViewController.swift */ = {isa = PBXFileReference; lastKnownFileType = sourcecode.swift; path = ViewController.swift; sourceTree = "<group>"; };
		F355503923E54CD4009F7444 /* Base */ = {isa = PBXFileReference; lastKnownFileType = file.storyboard; name = Base; path = Base.lproj/Main.storyboard; sourceTree = "<group>"; };
		F355503C23E54CD4009F7444 /* Exercise1.xcdatamodel */ = {isa = PBXFileReference; lastKnownFileType = wrapper.xcdatamodel; path = Exercise1.xcdatamodel; sourceTree = "<group>"; };
		F355503E23E54CD6009F7444 /* Assets.xcassets */ = {isa = PBXFileReference; lastKnownFileType = folder.assetcatalog; path = Assets.xcassets; sourceTree = "<group>"; };
		F355504123E54CD6009F7444 /* Base */ = {isa = PBXFileReference; lastKnownFileType = file.storyboard; name = Base; path = Base.lproj/LaunchScreen.storyboard; sourceTree = "<group>"; };
		F355504323E54CD6009F7444 /* Info.plist */ = {isa = PBXFileReference; lastKnownFileType = text.plist.xml; path = Info.plist; sourceTree = "<group>"; };
/* End PBXFileReference section */

/* Begin PBXFrameworksBuildPhase section */
		F355502C23E54CD4009F7444 /* Frameworks */ = {
			isa = PBXFrameworksBuildPhase;
			buildActionMask = 2147483647;
			files = (
				D0250E44416E0E827DD9B52D /* Pods_Exercise1.framework in Frameworks */,
			);
			runOnlyForDeploymentPostprocessing = 0;
		};
/* End PBXFrameworksBuildPhase section */

/* Begin PBXGroup section */
		05EE3FCB0251824CB48D3725 /* Frameworks */ = {
			isa = PBXGroup;
			children = (
				0F852DD9957C666643656089 /* Pods_Exercise1.framework */,
			);
			name = Frameworks;
			sourceTree = "<group>";
		};
		B8C65A1F98994B3AE3B38845 /* Pods */ = {
			isa = PBXGroup;
			children = (
				CE4A12D191D41F2934A0A863 /* Pods-Exercise1.debug.xcconfig */,
				DEB83B031F2D8020D1E5C00B /* Pods-Exercise1.release.xcconfig */,
			);
			name = Pods;
			path = Pods;
			sourceTree = "<group>";
		};
		F355502623E54CD4009F7444 = {
			isa = PBXGroup;
			children = (
				F355503123E54CD4009F7444 /* Exercise1 */,
				F355503023E54CD4009F7444 /* Products */,
				B8C65A1F98994B3AE3B38845 /* Pods */,
				05EE3FCB0251824CB48D3725 /* Frameworks */,
			);
			sourceTree = "<group>";
		};
		F355503023E54CD4009F7444 /* Products */ = {
			isa = PBXGroup;
			children = (
				F355502F23E54CD4009F7444 /* Exercise1.app */,
			);
			name = Products;
			sourceTree = "<group>";
		};
		F355503123E54CD4009F7444 /* Exercise1 */ = {
			isa = PBXGroup;
			children = (
				F355503223E54CD4009F7444 /* AppDelegate.swift */,
				F355503423E54CD4009F7444 /* SceneDelegate.swift */,
				F355503623E54CD4009F7444 /* ViewController.swift */,
				F355503823E54CD4009F7444 /* Main.storyboard */,
				F355503E23E54CD6009F7444 /* Assets.xcassets */,
				F355504023E54CD6009F7444 /* LaunchScreen.storyboard */,
				F355504323E54CD6009F7444 /* Info.plist */,
				F355503B23E54CD4009F7444 /* Exercise1.xcdatamodeld */,
			);
			path = Exercise1;
			sourceTree = "<group>";
		};
/* End PBXGroup section */

/* Begin PBXNativeTarget section */
		F355502E23E54CD4009F7444 /* Exercise1 */ = {
			isa = PBXNativeTarget;
			buildConfigurationList = F355504623E54CD6009F7444 /* Build configuration list for PBXNativeTarget "Exercise1" */;
			buildPhases = (
				58437DF86636A1B60BD0E77F /* [CP] Check Pods Manifest.lock */,
				F355502B23E54CD4009F7444 /* Sources */,
				F355502C23E54CD4009F7444 /* Frameworks */,
				F355502D23E54CD4009F7444 /* Resources */,
				80AC2D92170EDE56F00FD8C4 /* [CP] Embed Pods Frameworks */,
			);
			buildRules = (
			);
			dependencies = (
			);
			name = Exercise1;
			productName = Exercise1;
			productReference = F355502F23E54CD4009F7444 /* Exercise1.app */;
			productType = "com.apple.product-type.application";
		};
/* End PBXNativeTarget section */

/* Begin PBXProject section */
		F355502723E54CD4009F7444 /* Project object */ = {
			isa = PBXProject;
			attributes = {
				LastSwiftUpdateCheck = 1130;
				LastUpgradeCheck = 1130;
				ORGANIZATIONNAME = "新納真次郎";
				TargetAttributes = {
					F355502E23E54CD4009F7444 = {
						CreatedOnToolsVersion = 11.3;
					};
				};
			};
			buildConfigurationList = F355502A23E54CD4009F7444 /* Build configuration list for PBXProject "Exercise1" */;
			compatibilityVersion = "Xcode 9.3";
			developmentRegion = en;
			hasScannedForEncodings = 0;
			knownRegions = (
				en,
				Base,
			);
			mainGroup = F355502623E54CD4009F7444;
			productRefGroup = F355503023E54CD4009F7444 /* Products */;
			projectDirPath = "";
			projectRoot = "";
			targets = (
				F355502E23E54CD4009F7444 /* Exercise1 */,
			);
		};
/* End PBXProject section */

/* Begin PBXResourcesBuildPhase section */
		F355502D23E54CD4009F7444 /* Resources */ = {
			isa = PBXResourcesBuildPhase;
			buildActionMask = 2147483647;
			files = (
				F355504223E54CD6009F7444 /* LaunchScreen.storyboard in Resources */,
				F355503F23E54CD6009F7444 /* Assets.xcassets in Resources */,
				F355503A23E54CD4009F7444 /* Main.storyboard in Resources */,
			);
			runOnlyForDeploymentPostprocessing = 0;
		};
/* End PBXResourcesBuildPhase section */

/* Begin PBXShellScriptBuildPhase section */
		58437DF86636A1B60BD0E77F /* [CP] Check Pods Manifest.lock */ = {
			isa = PBXShellScriptBuildPhase;
			buildActionMask = 2147483647;
			files = (
			);
			inputFileListPaths = (
			);
			inputPaths = (
				"${PODS_PODFILE_DIR_PATH}/Podfile.lock",
				"${PODS_ROOT}/Manifest.lock",
			);
			name = "[CP] Check Pods Manifest.lock";
			outputFileListPaths = (
			);
			outputPaths = (
				"$(DERIVED_FILE_DIR)/Pods-Exercise1-checkManifestLockResult.txt",
			);
			runOnlyForDeploymentPostprocessing = 0;
			shellPath = /bin/sh;
			shellScript = "diff \"${PODS_PODFILE_DIR_PATH}/Podfile.lock\" \"${PODS_ROOT}/Manifest.lock\" > /dev/null\nif [ $? != 0 ] ; then\n    # print error to STDERR\n    echo \"error: The sandbox is not in sync with the Podfile.lock. Run 'pod install' or update your CocoaPods installation.\" >&2\n    exit 1\nfi\n# This output is used by Xcode 'outputs' to avoid re-running this script phase.\necho \"SUCCESS\" > \"${SCRIPT_OUTPUT_FILE_0}\"\n";
			showEnvVarsInLog = 0;
		};
		80AC2D92170EDE56F00FD8C4 /* [CP] Embed Pods Frameworks */ = {
			isa = PBXShellScriptBuildPhase;
			buildActionMask = 2147483647;
			files = (
			);
			inputFileListPaths = (
				"${PODS_ROOT}/Target Support Files/Pods-Exercise1/Pods-Exercise1-frameworks-${CONFIGURATION}-input-files.xcfilelist",
			);
			name = "[CP] Embed Pods Frameworks";
			outputFileListPaths = (
				"${PODS_ROOT}/Target Support Files/Pods-Exercise1/Pods-Exercise1-frameworks-${CONFIGURATION}-output-files.xcfilelist",
			);
			runOnlyForDeploymentPostprocessing = 0;
			shellPath = /bin/sh;
			shellScript = "\"${PODS_ROOT}/Target Support Files/Pods-Exercise1/Pods-Exercise1-frameworks.sh\"\n";
			showEnvVarsInLog = 0;
		};
/* End PBXShellScriptBuildPhase section */

/* Begin PBXSourcesBuildPhase section */
		F355502B23E54CD4009F7444 /* Sources */ = {
			isa = PBXSourcesBuildPhase;
			buildActionMask = 2147483647;
			files = (
				F355503723E54CD4009F7444 /* ViewController.swift in Sources */,
				F355503323E54CD4009F7444 /* AppDelegate.swift in Sources */,
				F355503523E54CD4009F7444 /* SceneDelegate.swift in Sources */,
				F355503D23E54CD4009F7444 /* Exercise1.xcdatamodeld in Sources */,
			);
			runOnlyForDeploymentPostprocessing = 0;
		};
/* End PBXSourcesBuildPhase section */

/* Begin PBXVariantGroup section */
		F355503823E54CD4009F7444 /* Main.storyboard */ = {
			isa = PBXVariantGroup;
			children = (
				F355503923E54CD4009F7444 /* Base */,
			);
			name = Main.storyboard;
			sourceTree = "<group>";
		};
		F355504023E54CD6009F7444 /* LaunchScreen.storyboard */ = {
			isa = PBXVariantGroup;
			children = (
				F355504123E54CD6009F7444 /* Base */,
			);
			name = LaunchScreen.storyboard;
			sourceTree = "<group>";
		};
/* End PBXVariantGroup section */

/* Begin XCBuildConfiguration section */
		F355504423E54CD6009F7444 /* Debug */ = {
			isa = XCBuildConfiguration;
			buildSettings = {
				ALWAYS_SEARCH_USER_PATHS = NO;
				CLANG_ANALYZER_NONNULL = YES;
				CLANG_ANALYZER_NUMBER_OBJECT_CONVERSION = YES_AGGRESSIVE;
				CLANG_CXX_LANGUAGE_STANDARD = "gnu++14";
				CLANG_CXX_LIBRARY = "libc++";
				CLANG_ENABLE_MODULES = YES;
				CLANG_ENABLE_OBJC_ARC = YES;
				CLANG_ENABLE_OBJC_WEAK = YES;
				CLANG_WARN_BLOCK_CAPTURE_AUTORELEASING = YES;
				CLANG_WARN_BOOL_CONVERSION = YES;
				CLANG_WARN_COMMA = YES;
				CLANG_WARN_CONSTANT_CONVERSION = YES;
				CLANG_WARN_DEPRECATED_OBJC_IMPLEMENTATIONS = YES;
				CLANG_WARN_DIRECT_OBJC_ISA_USAGE = YES_ERROR;
				CLANG_WARN_DOCUMENTATION_COMMENTS = YES;
				CLANG_WARN_EMPTY_BODY = YES;
				CLANG_WARN_ENUM_CONVERSION = YES;
				CLANG_WARN_INFINITE_RECURSION = YES;
				CLANG_WARN_INT_CONVERSION = YES;
				CLANG_WARN_NON_LITERAL_NULL_CONVERSION = YES;
				CLANG_WARN_OBJC_IMPLICIT_RETAIN_SELF = YES;
				CLANG_WARN_OBJC_LITERAL_CONVERSION = YES;
				CLANG_WARN_OBJC_ROOT_CLASS = YES_ERROR;
				CLANG_WARN_RANGE_LOOP_ANALYSIS = YES;
				CLANG_WARN_STRICT_PROTOTYPES = YES;
				CLANG_WARN_SUSPICIOUS_MOVE = YES;
				CLANG_WARN_UNGUARDED_AVAILABILITY = YES_AGGRESSIVE;
				CLANG_WARN_UNREACHABLE_CODE = YES;
				CLANG_WARN__DUPLICATE_METHOD_MATCH = YES;
				COPY_PHASE_STRIP = NO;
				DEBUG_INFORMATION_FORMAT = dwarf;
				ENABLE_STRICT_OBJC_MSGSEND = YES;
				ENABLE_TESTABILITY = YES;
				GCC_C_LANGUAGE_STANDARD = gnu11;
				GCC_DYNAMIC_NO_PIC = NO;
				GCC_NO_COMMON_BLOCKS = YES;
				GCC_OPTIMIZATION_LEVEL = 0;
				GCC_PREPROCESSOR_DEFINITIONS = (
					"DEBUG=1",
					"$(inherited)",
				);
				GCC_WARN_64_TO_32_BIT_CONVERSION = YES;
				GCC_WARN_ABOUT_RETURN_TYPE = YES_ERROR;
				GCC_WARN_UNDECLARED_SELECTOR = YES;
				GCC_WARN_UNINITIALIZED_AUTOS = YES_AGGRESSIVE;
				GCC_WARN_UNUSED_FUNCTION = YES;
				GCC_WARN_UNUSED_VARIABLE = YES;
				IPHONEOS_DEPLOYMENT_TARGET = 13.2;
				MTL_ENABLE_DEBUG_INFO = INCLUDE_SOURCE;
				MTL_FAST_MATH = YES;
				ONLY_ACTIVE_ARCH = YES;
				SDKROOT = iphoneos;
				SWIFT_ACTIVE_COMPILATION_CONDITIONS = DEBUG;
				SWIFT_OPTIMIZATION_LEVEL = "-Onone";
			};
			name = Debug;
		};
		F355504523E54CD6009F7444 /* Release */ = {
			isa = XCBuildConfiguration;
			buildSettings = {
				ALWAYS_SEARCH_USER_PATHS = NO;
				CLANG_ANALYZER_NONNULL = YES;
				CLANG_ANALYZER_NUMBER_OBJECT_CONVERSION = YES_AGGRESSIVE;
				CLANG_CXX_LANGUAGE_STANDARD = "gnu++14";
				CLANG_CXX_LIBRARY = "libc++";
				CLANG_ENABLE_MODULES = YES;
				CLANG_ENABLE_OBJC_ARC = YES;
				CLANG_ENABLE_OBJC_WEAK = YES;
				CLANG_WARN_BLOCK_CAPTURE_AUTORELEASING = YES;
				CLANG_WARN_BOOL_CONVERSION = YES;
				CLANG_WARN_COMMA = YES;
				CLANG_WARN_CONSTANT_CONVERSION = YES;
				CLANG_WARN_DEPRECATED_OBJC_IMPLEMENTATIONS = YES;
				CLANG_WARN_DIRECT_OBJC_ISA_USAGE = YES_ERROR;
				CLANG_WARN_DOCUMENTATION_COMMENTS = YES;
				CLANG_WARN_EMPTY_BODY = YES;
				CLANG_WARN_ENUM_CONVERSION = YES;
				CLANG_WARN_INFINITE_RECURSION = YES;
				CLANG_WARN_INT_CONVERSION = YES;
				CLANG_WARN_NON_LITERAL_NULL_CONVERSION = YES;
				CLANG_WARN_OBJC_IMPLICIT_RETAIN_SELF = YES;
				CLANG_WARN_OBJC_LITERAL_CONVERSION = YES;
				CLANG_WARN_OBJC_ROOT_CLASS = YES_ERROR;
				CLANG_WARN_RANGE_LOOP_ANALYSIS = YES;
				CLANG_WARN_STRICT_PROTOTYPES = YES;
				CLANG_WARN_SUSPICIOUS_MOVE = YES;
				CLANG_WARN_UNGUARDED_AVAILABILITY = YES_AGGRESSIVE;
				CLANG_WARN_UNREACHABLE_CODE = YES;
				CLANG_WARN__DUPLICATE_METHOD_MATCH = YES;
				COPY_PHASE_STRIP = NO;
				DEBUG_INFORMATION_FORMAT = "dwarf-with-dsym";
				ENABLE_NS_ASSERTIONS = NO;
				ENABLE_STRICT_OBJC_MSGSEND = YES;
				GCC_C_LANGUAGE_STANDARD = gnu11;
				GCC_NO_COMMON_BLOCKS = YES;
				GCC_WARN_64_TO_32_BIT_CONVERSION = YES;
				GCC_WARN_ABOUT_RETURN_TYPE = YES_ERROR;
				GCC_WARN_UNDECLARED_SELECTOR = YES;
				GCC_WARN_UNINITIALIZED_AUTOS = YES_AGGRESSIVE;
				GCC_WARN_UNUSED_FUNCTION = YES;
				GCC_WARN_UNUSED_VARIABLE = YES;
				IPHONEOS_DEPLOYMENT_TARGET = 13.2;
				MTL_ENABLE_DEBUG_INFO = NO;
				MTL_FAST_MATH = YES;
				SDKROOT = iphoneos;
				SWIFT_COMPILATION_MODE = wholemodule;
				SWIFT_OPTIMIZATION_LEVEL = "-O";
				VALIDATE_PRODUCT = YES;
			};
			name = Release;
		};
		F355504723E54CD6009F7444 /* Debug */ = {
			isa = XCBuildConfiguration;
			baseConfigurationReference = CE4A12D191D41F2934A0A863 /* Pods-Exercise1.debug.xcconfig */;
			buildSettings = {
				ASSETCATALOG_COMPILER_APPICON_NAME = AppIcon;
				CODE_SIGN_STYLE = Automatic;
				DEVELOPMENT_TEAM = T8YPT438X6;
				INFOPLIST_FILE = Exercise1/Info.plist;
				LD_RUNPATH_SEARCH_PATHS = (
					"$(inherited)",
					"@executable_path/Frameworks",
				);
				PRODUCT_BUNDLE_IDENTIFIER = "Nakamura-labProject.Exercise1";
				PRODUCT_NAME = "$(TARGET_NAME)";
				SWIFT_VERSION = 5.0;
				TARGETED_DEVICE_FAMILY = "1,2";
			};
			name = Debug;
		};
		F355504823E54CD6009F7444 /* Release */ = {
			isa = XCBuildConfiguration;
			baseConfigurationReference = DEB83B031F2D8020D1E5C00B /* Pods-Exercise1.release.xcconfig */;
			buildSettings = {
				ASSETCATALOG_COMPILER_APPICON_NAME = AppIcon;
				CODE_SIGN_STYLE = Automatic;
				DEVELOPMENT_TEAM = T8YPT438X6;
				INFOPLIST_FILE = Exercise1/Info.plist;
				LD_RUNPATH_SEARCH_PATHS = (
					"$(inherited)",
					"@executable_path/Frameworks",
				);
				PRODUCT_BUNDLE_IDENTIFIER = "Nakamura-labProject.Exercise1";
				PRODUCT_NAME = "$(TARGET_NAME)";
				SWIFT_VERSION = 5.0;
				TARGETED_DEVICE_FAMILY = "1,2";
			};
			name = Release;
		};
/* End XCBuildConfiguration section */

/* Begin XCConfigurationList section */
		F355502A23E54CD4009F7444 /* Build configuration list for PBXProject "Exercise1" */ = {
			isa = XCConfigurationList;
			buildConfigurations = (
				F355504423E54CD6009F7444 /* Debug */,
				F355504523E54CD6009F7444 /* Release */,
			);
			defaultConfigurationIsVisible = 0;
			defaultConfigurationName = Release;
		};
		F355504623E54CD6009F7444 /* Build configuration list for PBXNativeTarget "Exercise1" */ = {
			isa = XCConfigurationList;
			buildConfigurations = (
				F355504723E54CD6009F7444 /* Debug */,
				F355504823E54CD6009F7444 /* Release */,
			);
			defaultConfigurationIsVisible = 0;
			defaultConfigurationName = Release;
		};
/* End XCConfigurationList section */

/* Begin XCVersionGroup section */
		F355503B23E54CD4009F7444 /* Exercise1.xcdatamodeld */ = {
			isa = XCVersionGroup;
			children = (
				F355503C23E54CD4009F7444 /* Exercise1.xcdatamodel */,
			);
			currentVersion = F355503C23E54CD4009F7444 /* Exercise1.xcdatamodel */;
			path = Exercise1.xcdatamodeld;
			sourceTree = "<group>";
			versionGroupType = wrapper.xcdatamodel;
		};
/* End XCVersionGroup section */
	};
	rootObject = F355502723E54CD4009F7444 /* Project object */;
}
